
Microsoft Visual Studio Solution File, Format Version 12.00
# Visual Studio Version 17
VisualStudioVersion = 17.6.33815.320
MinimumVisualStudioVersion = 10.0.40219.1
Project("{FAE04EC0-301F-11D3-BF4B-00C04F79EFBC}") = "aspnet-test-git", "aspnet-test-git.csproj", "{62C512E8-1A3B-4866-8337-98110EA90DB8}"
EndProject
Global
	GlobalSection(SolutionConfigurationPlatforms) = preSolution
		Debug|Any CPU = Debug|Any CPU
		Release|Any CPU = Release|Any CPU
	EndGlobalSection
	GlobalSection(ProjectConfigurationPlatforms) = postSolution
		{62C512E8-1A3B-4866-8337-98110EA90DB8}.Debug|Any CPU.ActiveCfg = Debug|Any CPU
		{62C512E8-1A3B-4866-8337-98110EA90DB8}.Debug|Any CPU.Build.0 = Debug|Any CPU
		{62C512E8-1A3B-4866-8337-98110EA90DB8}.Release|Any CPU.ActiveCfg = Release|Any CPU
		{62C512E8-1A3B-4866-8337-98110EA90DB8}.Release|Any CPU.Build.0 = Release|Any CPU
	EndGlobalSection
	GlobalSection(SolutionProperties) = preSolution
		HideSolutionNode = FALSE
	EndGlobalSection
	GlobalSection(ExtensibilityGlobals) = postSolution
		SolutionGuid = {8EB8F4E4-5A89-4969-8774-5339E65376E4}
	EndGlobalSection
EndGlobal
